
Microsoft Visual Studio Solution File, Format Version 12.00
# Visual Studio Version 16
VisualStudioVersion = 16.0.31624.102
MinimumVisualStudioVersion = 10.0.40219.1
Project("{FAE04EC0-301F-11D3-BF4B-00C04F79EFBC}") = "GeometricFigures", "GeometricFigures\GeometricFigures.csproj", "{7A48D6F7-DC9C-4B47-AF93-CB547600E723}"
EndProject
Global
	GlobalSection(SolutionConfigurationPlatforms) = preSolution
		Debug|Any CPU = Debug|Any CPU
		Release|Any CPU = Release|Any CPU
	EndGlobalSection
	GlobalSection(ProjectConfigurationPlatforms) = postSolution
		{7A48D6F7-DC9C-4B47-AF93-CB547600E723}.Debug|Any CPU.ActiveCfg = Debug|Any CPU
		{7A48D6F7-DC9C-4B47-AF93-CB547600E723}.Debug|Any CPU.Build.0 = Debug|Any CPU
		{7A48D6F7-DC9C-4B47-AF93-CB547600E723}.Release|Any CPU.ActiveCfg = Release|Any CPU
		{7A48D6F7-DC9C-4B47-AF93-CB547600E723}.Release|Any CPU.Build.0 = Release|Any CPU
	EndGlobalSection
	GlobalSection(SolutionProperties) = preSolution
		HideSolutionNode = FALSE
	EndGlobalSection
	GlobalSection(ExtensibilityGlobals) = postSolution
		SolutionGuid = {3E25D497-0AF6-49FA-A335-D5898AA47645}
	EndGlobalSection
EndGlobal
